
Microsoft Visual Studio Solution File, Format Version 12.00
# Visual Studio Version 16
VisualStudioVersion = 16.0.31005.135
MinimumVisualStudioVersion = 10.0.40219.1
Project("{FAE04EC0-301F-11D3-BF4B-00C04F79EFBC}") = "EsStoredProcedure01", "EsStoredProcedure01\EsStoredProcedure01.csproj", "{1B768626-C944-47C1-80F7-E1186BDE07BE}"
EndProject
Global
	GlobalSection(SolutionConfigurationPlatforms) = preSolution
		Debug|Any CPU = Debug|Any CPU
		Release|Any CPU = Release|Any CPU
	EndGlobalSection
	GlobalSection(ProjectConfigurationPlatforms) = postSolution
		{1B768626-C944-47C1-80F7-E1186BDE07BE}.Debug|Any CPU.ActiveCfg = Debug|Any CPU
		{1B768626-C944-47C1-80F7-E1186BDE07BE}.Debug|Any CPU.Build.0 = Debug|Any CPU
		{1B768626-C944-47C1-80F7-E1186BDE07BE}.Release|Any CPU.ActiveCfg = Release|Any CPU
		{1B768626-C944-47C1-80F7-E1186BDE07BE}.Release|Any CPU.Build.0 = Release|Any CPU
	EndGlobalSection
	GlobalSection(SolutionProperties) = preSolution
		HideSolutionNode = FALSE
	EndGlobalSection
	GlobalSection(ExtensibilityGlobals) = postSolution
		SolutionGuid = {D3154B50-BAD0-4885-A256-AB83EB788B1D}
	EndGlobalSection
EndGlobal
